
Microsoft Visual Studio Solution File, Format Version 12.00
Project("{FAE04EC0-301F-11D3-BF4B-00C04F79EFBC}") = "KtaneMOD", "KtaneMOD\KtaneMOD.csproj", "{090A8FB1-AE2B-47D5-8E3C-94318AED2F02}"
EndProject
Global
	GlobalSection(SolutionConfigurationPlatforms) = preSolution
		Debug|Any CPU = Debug|Any CPU
		Release|Any CPU = Release|Any CPU
	EndGlobalSection
	GlobalSection(ProjectConfigurationPlatforms) = postSolution
		{090A8FB1-AE2B-47D5-8E3C-94318AED2F02}.Debug|Any CPU.ActiveCfg = Debug|Any CPU
		{090A8FB1-AE2B-47D5-8E3C-94318AED2F02}.Debug|Any CPU.Build.0 = Debug|Any CPU
		{090A8FB1-AE2B-47D5-8E3C-94318AED2F02}.Release|Any CPU.ActiveCfg = Release|Any CPU
		{090A8FB1-AE2B-47D5-8E3C-94318AED2F02}.Release|Any CPU.Build.0 = Release|Any CPU
	EndGlobalSection
EndGlobal
